
Microsoft Visual Studio Solution File, Format Version 12.00
# Visual Studio Version 16
VisualStudioVersion = 16.0.29001.49
MinimumVisualStudioVersion = 10.0.40219.1
Project("{888888A0-9F3D-457C-B088-3A5042F75D52}") = "for_loops", "for_loops.pyproj", "{1444F4E3-923C-4855-B39D-5FF3C3A24494}"
EndProject
Global
	GlobalSection(SolutionConfigurationPlatforms) = preSolution
		Debug|Any CPU = Debug|Any CPU
		Release|Any CPU = Release|Any CPU
	EndGlobalSection
	GlobalSection(ProjectConfigurationPlatforms) = postSolution
		{1444F4E3-923C-4855-B39D-5FF3C3A24494}.Debug|Any CPU.ActiveCfg = Debug|Any CPU
		{1444F4E3-923C-4855-B39D-5FF3C3A24494}.Release|Any CPU.ActiveCfg = Release|Any CPU
	EndGlobalSection
	GlobalSection(SolutionProperties) = preSolution
		HideSolutionNode = FALSE
	EndGlobalSection
	GlobalSection(ExtensibilityGlobals) = postSolution
		SolutionGuid = {4084498E-9468-4E8B-9635-E35130BD82D0}
	EndGlobalSection
EndGlobal
