
Microsoft Visual Studio Solution File, Format Version 12.00
# Visual Studio Version 16
VisualStudioVersion = 16.0.29001.49
MinimumVisualStudioVersion = 10.0.40219.1
Project("{888888A0-9F3D-457C-B088-3A5042F75D52}") = "class", "class.pyproj", "{7E2777CF-5CD7-4610-BBFA-0F51685E7D71}"
EndProject
Global
	GlobalSection(SolutionConfigurationPlatforms) = preSolution
		Debug|Any CPU = Debug|Any CPU
		Release|Any CPU = Release|Any CPU
	EndGlobalSection
	GlobalSection(ProjectConfigurationPlatforms) = postSolution
		{7E2777CF-5CD7-4610-BBFA-0F51685E7D71}.Debug|Any CPU.ActiveCfg = Debug|Any CPU
		{7E2777CF-5CD7-4610-BBFA-0F51685E7D71}.Release|Any CPU.ActiveCfg = Release|Any CPU
	EndGlobalSection
	GlobalSection(SolutionProperties) = preSolution
		HideSolutionNode = FALSE
	EndGlobalSection
	GlobalSection(ExtensibilityGlobals) = postSolution
		SolutionGuid = {097EFAE4-AED2-4596-8879-4067E2C2728B}
	EndGlobalSection
EndGlobal
