
Microsoft Visual Studio Solution File, Format Version 12.00
# Visual Studio Version 16
VisualStudioVersion = 16.0.29001.49
MinimumVisualStudioVersion = 10.0.40219.1
Project("{888888A0-9F3D-457C-B088-3A5042F75D52}") = "while_loops", "while_loops.pyproj", "{52317AD8-A547-474F-B514-2555D0B9ED4E}"
EndProject
Global
	GlobalSection(SolutionConfigurationPlatforms) = preSolution
		Debug|Any CPU = Debug|Any CPU
		Release|Any CPU = Release|Any CPU
	EndGlobalSection
	GlobalSection(ProjectConfigurationPlatforms) = postSolution
		{52317AD8-A547-474F-B514-2555D0B9ED4E}.Debug|Any CPU.ActiveCfg = Debug|Any CPU
		{52317AD8-A547-474F-B514-2555D0B9ED4E}.Release|Any CPU.ActiveCfg = Release|Any CPU
	EndGlobalSection
	GlobalSection(SolutionProperties) = preSolution
		HideSolutionNode = FALSE
	EndGlobalSection
	GlobalSection(ExtensibilityGlobals) = postSolution
		SolutionGuid = {80CA7ED7-B6D5-4A1D-9942-DE70B315BB9E}
	EndGlobalSection
EndGlobal
